
Microsoft Visual Studio Solution File, Format Version 12.00
# Visual Studio Version 17
VisualStudioVersion = 17.7.34024.191
MinimumVisualStudioVersion = 10.0.40219.1
Project("{FAE04EC0-301F-11D3-BF4B-00C04F79EFBC}") = "lab 5", "lab 5.csproj", "{C1AB8272-E1BA-4E1D-933C-8D96BF6ADA96}"
EndProject
Global
	GlobalSection(SolutionConfigurationPlatforms) = preSolution
		Debug|Any CPU = Debug|Any CPU
		Release|Any CPU = Release|Any CPU
	EndGlobalSection
	GlobalSection(ProjectConfigurationPlatforms) = postSolution
		{C1AB8272-E1BA-4E1D-933C-8D96BF6ADA96}.Debug|Any CPU.ActiveCfg = Debug|Any CPU
		{C1AB8272-E1BA-4E1D-933C-8D96BF6ADA96}.Debug|Any CPU.Build.0 = Debug|Any CPU
		{C1AB8272-E1BA-4E1D-933C-8D96BF6ADA96}.Release|Any CPU.ActiveCfg = Release|Any CPU
		{C1AB8272-E1BA-4E1D-933C-8D96BF6ADA96}.Release|Any CPU.Build.0 = Release|Any CPU
	EndGlobalSection
	GlobalSection(SolutionProperties) = preSolution
		HideSolutionNode = FALSE
	EndGlobalSection
	GlobalSection(ExtensibilityGlobals) = postSolution
		SolutionGuid = {CE1D3006-3C19-401A-8620-2078EFDE73F9}
	EndGlobalSection
EndGlobal
